{
  "version": 4,
  "terraform_version": "1.12.0",
  "serial": 6,
  "lineage": "1b52b839-e48b-33b7-6219-33adad0c1d5b",
  "outputs": {},
  "resources": [
    {
      "mode": "managed",
      "type": "helm_release",
      "name": "argocd",
      "provider": "provider[\"registry.terraform.io/hashicorp/helm\"]",
      "instances": [
        {
          "schema_version": 2,
          "attributes": {
            "atomic": false,
            "chart": "argo-cd",
            "cleanup_on_fail": false,
            "create_namespace": true,
            "dependency_update": false,
            "description": null,
            "devel": null,
            "disable_crd_hooks": false,
            "disable_openapi_validation": false,
            "disable_webhooks": false,
            "force_update": false,
            "id": "argocd",
            "keyring": null,
            "lint": false,
            "manifest": null,
            "max_history": 0,
            "metadata": {
              "app_version": "v3.0.6",
              "chart": "argo-cd",
              "first_deployed": 1750851739,
              "last_deployed": 1750851739,
              "name": "argocd",
              "namespace": "argocd",
              "notes": "\nIn order to access the server UI you have the following options:\n\n1. kubectl port-forward service/argocd-server -n argocd 8080:443\n\n    and then open the browser on http://localhost:8080 and accept the certificate\n\n2. enable ingress in the values file `server.ingress.enabled` and either\n      - Add the annotation for ssl passthrough: https://argo-cd.readthedocs.io/en/stable/operator-manual/ingress/#option-1-ssl-passthrough\n      - Set the `configs.params.\"server.insecure\"` in the values file and terminate SSL at your ingress: https://argo-cd.readthedocs.io/en/stable/operator-manual/ingress/#option-2-multiple-ingress-objects-and-hosts\n\n\nAfter reaching the UI the first time you can login with username: admin and the random password generated during the installation. You can find the password by running:\n\nkubectl -n argocd get secret argocd-initial-admin-secret -o jsonpath=\"{.data.password}\" | base64 -d\n\n(You should delete the initial secret afterwards as suggested by the Getting Started Guide: https://argo-cd.readthedocs.io/en/stable/getting_started/#4-login-using-the-cli)\n",
              "revision": 1,
              "values": "{\"server\":{\"service\":{\"type\":\"ClusterIP\"}}}",
              "version": "8.1.1"
            },
            "name": "argocd",
            "namespace": "argocd",
            "pass_credentials": false,
            "postrender": null,
            "recreate_pods": false,
            "render_subchart_notes": true,
            "replace": false,
            "repository": "https://argoproj.github.io/argo-helm",
            "repository_ca_file": null,
            "repository_cert_file": null,
            "repository_key_file": null,
            "repository_password": null,
            "repository_username": null,
            "reset_values": false,
            "reuse_values": false,
            "set": null,
            "set_list": null,
            "set_sensitive": null,
            "set_wo": null,
            "set_wo_revision": null,
            "skip_crds": false,
            "status": "deployed",
            "timeout": 300,
            "values": [
              "    server:\n      service:\n       type: ClusterIP\n"
            ],
            "verify": false,
            "version": "8.1.1",
            "wait": true,
            "wait_for_jobs": false
          },
          "sensitive_attributes": [
            [
              {
                "type": "get_attr",
                "value": "repository_password"
              }
            ]
          ],
          "identity_schema_version": 0,
          "identity": {
            "namespace": "argocd",
            "release_name": "argocd"
          }
        }
      ]
    },
    {
      "mode": "managed",
      "type": "minikube_cluster",
      "name": "minikube_docker",
      "provider": "provider[\"registry.terraform.io/scott-the-programmer/minikube\"]",
      "instances": [
        {
          "schema_version": 0,
          "attributes": {
            "addons": [
              "default-storageclass",
              "stroage-provisioner"
            ],
            "apiserver_ips": [],
            "apiserver_name": "minikubeCA",
            "apiserver_names": [],
            "apiserver_port": 8443,
            "auto_pause_interval": 1,
            "auto_update_drivers": true,
            "base_image": "gcr.io/k8s-minikube/kicbase:v0.0.44@sha256:eb04641328b06c5c4a14f4348470e1046bbcf9c2cbc551486e343d3a49db557e",
            "binary_mirror": null,
            "cache_images": true,
            "cert_expiration": 1576800,
            "client_certificate": "-----BEGIN CERTIFICATE-----\nMIIDITCCAgmgAwIBAgIBAjANBgkqhkiG9w0BAQsFADAVMRMwEQYDVQQDEwptaW5p\na3ViZUNBMB4XDTI1MDYyMzIxMDYwOVoXDTI4MDYyMzIxMDYwOVowMTEXMBUGA1UE\nChMOc3lzdGVtOm1hc3RlcnMxFjAUBgNVBAMTDW1pbmlrdWJlLXVzZXIwggEiMA0G\nCSqGSIb3DQEBAQUAA4IBDwAwggEKAoIBAQDnvZtMlAHuFqACjk+BUsU5bkTwSmw3\nImOt0bSJp8uwBxOKI87BzYItWDISSLTbm4CBejYFb5+8xsZFtJJKUPng/EHN7KA3\nLs57EyFkBi4dTnCmgab4GuHes0vH+zvFFo9kMX2tTqPmDPVTMRLJSMwmKTGGbqwZ\n8IxlkzKyQGAJv6bhlx+Hlw+YqI6vE5MzLgXQ8Cksi90ZYUEFyugDlLcwR/RVFpRC\nHFbLdpLuYqrQOS3t2Tg0AeJlrH9W7Uph8r9a748NXG4NecvUX8F0168Guv31/4zr\nMCawa2ZLdJaDW0q+FUrbi/BVNiK4Uv+i6FzMQYjA0iO31XoM6aUxc5RPAgMBAAGj\nYDBeMA4GA1UdDwEB/wQEAwIFoDAdBgNVHSUEFjAUBggrBgEFBQcDAQYIKwYBBQUH\nAwIwDAYDVR0TAQH/BAIwADAfBgNVHSMEGDAWgBSbqszSCx1x2LCyfh4rRgiKv96j\nyzANBgkqhkiG9w0BAQsFAAOCAQEAhTE+Vtr+Wu9syNTmAH85Tnd84YbWZ0sw20Bw\nqQkJmTMg0SXl4kMc+yBNskVwVWxK4aLr7gRBHsDuX91CMe9fe6eZF7mN/uY0KNYZ\n0+sDXB+jSrxLU0hpkZSZs6Hz74Vl8rBwCS3ghm17c0VL0trxMg9W9f/JGcAeP/Le\naJSGQCzPdvTtsqjHKH82ZHSZQXU3/sQZ8kWaVKuEQGDpQ+UMW386ba4mMQ+hj0Wj\nAjtXVv1cPmjhw4bxpdYTYi23XQVaJbNxWSy4PxYo/gQY3WoJ+yk3IQyUiIm81SBB\nlxCWZ5cHwUAjIJ22e1ojVt6BmiQzd0hBM+0VvGeLiL7+v9/bDg==\n-----END CERTIFICATE-----\n",
            "client_key": "-----BEGIN RSA PRIVATE KEY-----\nMIIEpQIBAAKCAQEA572bTJQB7hagAo5PgVLFOW5E8EpsNyJjrdG0iafLsAcTiiPO\nwc2CLVgyEki025uAgXo2BW+fvMbGRbSSSlD54PxBzeygNy7OexMhZAYuHU5wpoGm\n+Brh3rNLx/s7xRaPZDF9rU6j5gz1UzESyUjMJikxhm6sGfCMZZMyskBgCb+m4Zcf\nh5cPmKiOrxOTMy4F0PApLIvdGWFBBcroA5S3MEf0VRaUQhxWy3aS7mKq0Dkt7dk4\nNAHiZax/Vu1KYfK/Wu+PDVxuDXnL1F/BdNevBrr99f+M6zAmsGtmS3SWg1tKvhVK\n24vwVTYiuFL/ouhczEGIwNIjt9V6DOmlMXOUTwIDAQABAoIBAQC6CoDTgHrwLd+1\nTZRMSSumSH01vzmTJZuKXrEmVbvzDCtGmiqRca+RQZ2pCg+Pwg3vZDJcONmvTpC8\nQxOyb8G7OiiF7fJNetku+xOyXjfFNUTAl5N42PP9ukkbOfko50ykbgrsCBcSR9Ln\nP51KVJP4CtgEiXLGvFOp8/seGQpAp8F0GTGabcibsxiEmLuKNI/OrjzgQKsnf5PK\neoiPpnkjHNoTnh/Uk1bRCpSNSImIFTLz/nFZuyGG0OAQXLtQGdJtZU68BwuP/RQE\nJ50NWwub2K9uW3EmoboF1Uh7YRXzC9NYTG9YMtuf5HRR1nWo3WpBDQDvaUu+Ix+Q\n3M3AuEvJAoGBAPXYWb+lUwKjEIE9ynT31H+1ukYee3a9SQTep/y2YTJhkeTmVX9+\nLZOR8mD26xsHrOZktleNjXC4KfkGqr4APlD4zvT5I0sBQpKSEK+FGMEH4tRrXwgV\n1crhf6K1Ng19fV95jkr8HBECE1jVSGarK5baBafiCmX800GoY+DkF4c1AoGBAPFQ\nHFK70KZ0rt3mrfgauD6lrcpEPvyzKwFoptaaFtJiNKpTWrlEWkxECL1DWjKsxBqI\nH0txMABp8on3bXNzVmdK+4AJOk1DNHb8AETNiNPzJ87PbcvRqlQQb7TFvZtSfkgL\n7O7ja8k4lBN6vG/lBgLtDja1jod+v1ZrSLkvs+nzAoGBAOeLnnP25Oj95gSjyvRB\nmt2xrkBuY0BhZM12W+eTapYF+WAKZIpQr+JmOk+DH8n0f677OhXaF1YLzlRiKBwN\npKOkw19M6yWwiR/8/EQj6j2cDNKeUgIOdq6/lfQMEl3ATH3IwfDz5AdM2iX3s1on\na0WIEH2fUsXdyqbzTya4DUTlAoGBAN9Sf1PFwvw5Yhe0Q24n9DjuBV76N7yPZ45f\nNn/GjLZY8lpq17w7WMHZ+KiHK3NYVggjz6p27rCDXFV4aY99vwnK5+P/JjiYqHYx\nE2KZQDa+gimv5/HHcLVpnKeUlLuo5Xtxpe0TBQ5s0QUSAlAfiKeukQfqkCQvFY45\nrUzMq9knAoGAUHl5COBUa6PnkkSMlHcIvPiA4Lv3fTkSecFo9W4JRrVrzGqb0ohA\npAZUbujML2hIEXP6e3a4gwgzkXiON583ORzsrz9QrHrE/lb8agxdptAk+YdTOcba\nmJCZu29vN73OEjf+1j2N6sO871Mp2q3nDTtbDIIuJY9ELDkTqZyNyWc=\n-----END RSA PRIVATE KEY-----\n",
            "cluster_ca_certificate": "-----BEGIN CERTIFICATE-----\nMIIDBjCCAe6gAwIBAgIBATANBgkqhkiG9w0BAQsFADAVMRMwEQYDVQQDEwptaW5p\na3ViZUNBMB4XDTI1MDUxNDEyNDEwMloXDTM1MDUxMzEyNDEwMlowFTETMBEGA1UE\nAxMKbWluaWt1YmVDQTCCASIwDQYJKoZIhvcNAQEBBQADggEPADCCAQoCggEBALkF\nzbOX3mwOnrqLeFHJZlJDZvp3bM68qzgFVvZbF0iDuPhioBA4LoTqYvmCBIhyeVNo\nAjpr3I5VrRQIbmjIrR2KxCH3EyvfEg8xpikbJ/LKEtqTkU7jhxg2CAs1z4ZjaBBr\nVJjYk8OWPcJsOjLeFvCAcS/TfNn3dHrF4BE+bFcf85Q6xyR7/bLfX1i2tp97fNJC\nUWixI34n3vdP1NnkLDI47DgsfW4U4PdjUoPWLWJGXDi8a+d3t9L608mS/xoS+fd0\n4buhxwgs1t4NXtuzmbU19rCfJ99BuCWMPfKQktqVlwQ+v1qNTGsoO6QtYIOBe5zl\nWnn0zKPN+NibciTnUYsCAwEAAaNhMF8wDgYDVR0PAQH/BAQDAgKkMB0GA1UdJQQW\nMBQGCCsGAQUFBwMCBggrBgEFBQcDATAPBgNVHRMBAf8EBTADAQH/MB0GA1UdDgQW\nBBSbqszSCx1x2LCyfh4rRgiKv96jyzANBgkqhkiG9w0BAQsFAAOCAQEAJgOrxc4D\nK9ued93UoQcBBe/yjZxbQCc9CqqmqUpyPzFDIkP/HR03L4hf0Jc38e/tRgtDa+nG\ntwAfObKYgx/Qhcfh7eVAUfzN/rNA60pnKYG+ALs11SZ45dCTp0ayYR+SArfOaMe7\nwm0ud40JRwgdWFjluofd43+TVMAQv7V6AgArTkXScRKsEbB9ngSIDV3ssygzBOCA\nDbfVfJp9K4RxFHmxOwl1aQdqCWQa9cTFqs+b/vCDd7tCziZvrHQIuJnzvSsH/rqT\nGnJc6TrmdrFGVrQvdOaIq7rKO5MLlP7J2NRsy4E+2GR3chLqBZrSRVEsmAkKVzUh\nxsiGjJ3GFRC9ug==\n-----END CERTIFICATE-----\n",
            "cluster_name": "complete-devops-project",
            "cni": "",
            "container_runtime": "docker",
            "cpus": 2,
            "cri_socket": "",
            "delete_on_failure": false,
            "disable_driver_mounts": false,
            "disable_metrics": false,
            "disable_optimizations": false,
            "disk_size": "20000mb",
            "dns_domain": "cluster.local",
            "dns_proxy": false,
            "docker_env": null,
            "docker_opt": null,
            "download_only": false,
            "driver": "docker",
            "dry_run": false,
            "embed_certs": false,
            "enable_default_cni": false,
            "extra_config": [],
            "extra_disks": 0,
            "feature_gates": "",
            "force": false,
            "force_systemd": false,
            "gpus": null,
            "ha": false,
            "host": "https://127.0.0.1:63205",
            "host_dns_resolver": true,
            "host_only_cidr": "192.168.59.1/24",
            "host_only_nic_type": "virtio",
            "hyperkit_vpnkit_sock": "",
            "hyperkit_vsock_ports": [],
            "hyperv_external_adapter": "",
            "hyperv_use_external_switch": false,
            "hyperv_virtual_switch": "",
            "id": "complete-devops-project",
            "image_mirror_country": null,
            "image_repository": "",
            "insecure_registry": [],
            "install_addons": true,
            "interactive": true,
            "iso_url": [
              "https://github.com/kubernetes/minikube/releases/download/v1.33.0/minikube-v1.33.0-amd64.iso"
            ],
            "keep_context": false,
            "kubernetes_version": null,
            "kvm_gpu": false,
            "kvm_hidden": false,
            "kvm_network": "default",
            "kvm_numa_count": 1,
            "kvm_qemu_uri": "qemu:///system",
            "listen_address": "",
            "memory": "4096mb",
            "mount": false,
            "mount_9p_version": "9p2000.L",
            "mount_gid": "docker",
            "mount_ip": null,
            "mount_msize": 262144,
            "mount_options": null,
            "mount_port": 0,
            "mount_string": "/home:/minikube-host",
            "mount_type": "9p",
            "mount_uid": "docker",
            "namespace": "default",
            "nat_nic_type": "virtio",
            "native_ssh": true,
            "network": "",
            "network_plugin": null,
            "nfs_share": [],
            "nfs_shares_root": "/nfsshares",
            "no_kubernetes": false,
            "no_vtx_check": false,
            "nodes": 1,
            "output": "text",
            "ports": [],
            "preload": true,
            "qemu_firmware_path": null,
            "registry_mirror": [],
            "service_cluster_ip_range": "10.96.0.0/12",
            "socket_vmnet_client_path": "/usr/local/opt/socket_vmnet/bin/socket_vmnet_client",
            "socket_vmnet_path": "/usr/local/var/run/socket_vmnet",
            "ssh_ip_address": "",
            "ssh_key": "",
            "ssh_port": 22,
            "ssh_user": "root",
            "static_ip": null,
            "subnet": null,
            "trace": null,
            "uuid": "",
            "vm": false,
            "vm_driver": null,
            "wait": null,
            "wait_timeout": 6
          },
          "sensitive_attributes": [
            [
              {
                "type": "get_attr",
                "value": "client_certificate"
              }
            ],
            [
              {
                "type": "get_attr",
                "value": "client_key"
              }
            ],
            [
              {
                "type": "get_attr",
                "value": "cluster_ca_certificate"
              }
            ]
          ],
          "identity_schema_version": 0,
          "private": "bnVsbA=="
        }
      ]
    }
  ],
  "check_results": null
}
